
Microsoft Visual Studio Solution File, Format Version 12.00
# Visual Studio 15
Project("{FAE04EC0-301F-11D3-BF4B-00C04F79EFBC}") = "PhotonUnityNetworking.Demos", "PhotonUnityNetworking.Demos.csproj", "{5D1BE3E9-42DB-7D64-B4CD-AC384DD92D57}"
EndProject
Project("{FAE04EC0-301F-11D3-BF4B-00C04F79EFBC}") = "PhotonUnityNetworking.Utilities", "PhotonUnityNetworking.Utilities.csproj", "{298EFC27-C15F-F252-3AC4-0FD9E11AC501}"
EndProject
Project("{FAE04EC0-301F-11D3-BF4B-00C04F79EFBC}") = "PhotonChat", "PhotonChat.csproj", "{C7FC5CB0-6324-8CC4-6DA2-9E043E4F0FF0}"
EndProject
Project("{FAE04EC0-301F-11D3-BF4B-00C04F79EFBC}") = "PhotonUnityNetworking", "PhotonUnityNetworking.csproj", "{0BBF71ED-B9BB-68B4-48B2-5C60C2029454}"
EndProject
Project("{FAE04EC0-301F-11D3-BF4B-00C04F79EFBC}") = "PhotonRealtime", "PhotonRealtime.csproj", "{2641727E-361F-81DE-72A6-8791A7911755}"
EndProject
Project("{FAE04EC0-301F-11D3-BF4B-00C04F79EFBC}") = "Assembly-CSharp", "Assembly-CSharp.csproj", "{6428BF64-2A1D-C279-9FE5-FA380FB03237}"
EndProject
Project("{FAE04EC0-301F-11D3-BF4B-00C04F79EFBC}") = "PhotonUnityNetworking.Editor", "PhotonUnityNetworking.Editor.csproj", "{7472DAB2-5FB0-ED9F-D12B-C31ED14EF7CE}"
EndProject
Project("{FAE04EC0-301F-11D3-BF4B-00C04F79EFBC}") = "PunDemos.DemoHubEditor", "PunDemos.DemoHubEditor.csproj", "{BBF9153A-BCAB-AFCE-7981-5797DDBF1BB3}"
EndProject
Project("{FAE04EC0-301F-11D3-BF4B-00C04F79EFBC}") = "PhotonUnityNetworking.Utilities.PhotonPlayer.Editor", "PhotonUnityNetworking.Utilities.PhotonPlayer.Editor.csproj", "{D06DCC36-43CA-787B-E080-C3013D0090A6}"
EndProject
Project("{FAE04EC0-301F-11D3-BF4B-00C04F79EFBC}") = "PhotonUnityNetworking.Utilities.Culling.Editor", "PhotonUnityNetworking.Utilities.Culling.Editor.csproj", "{1F399B18-9636-9CD3-A881-64864F9388F5}"
EndProject
Project("{FAE04EC0-301F-11D3-BF4B-00C04F79EFBC}") = "PunDemos.DemoSlotcarEditor", "PunDemos.DemoSlotcarEditor.csproj", "{25C23E34-149C-A1EF-F955-A9D56A832184}"
EndProject
Project("{FAE04EC0-301F-11D3-BF4B-00C04F79EFBC}") = "PhotonUnityNetworking.Demos", "PhotonUnityNetworking.Demos.Player.csproj", "{43C3178A-B011-CB33-8993-0091795E9A88}"
EndProject
Project("{FAE04EC0-301F-11D3-BF4B-00C04F79EFBC}") = "PhotonUnityNetworking.Utilities", "PhotonUnityNetworking.Utilities.Player.csproj", "{01620138-4542-39BC-61A5-1CD1FEEE7598}"
EndProject
Project("{FAE04EC0-301F-11D3-BF4B-00C04F79EFBC}") = "PhotonChat", "PhotonChat.Player.csproj", "{2B816656-CF7D-3B14-1E3D-DF59F1EA8796}"
EndProject
Project("{FAE04EC0-301F-11D3-BF4B-00C04F79EFBC}") = "PhotonUnityNetworking", "PhotonUnityNetworking.Player.csproj", "{6FC66252-A1AA-B070-7B7C-BD9C0ACADFD6}"
EndProject
Project("{FAE04EC0-301F-11D3-BF4B-00C04F79EFBC}") = "PhotonRealtime", "PhotonRealtime.Player.csproj", "{1A09BCA8-4D5C-4268-5C50-82E700E91337}"
EndProject
Project("{FAE04EC0-301F-11D3-BF4B-00C04F79EFBC}") = "Assembly-CSharp", "Assembly-CSharp.Player.csproj", "{911EEC3D-90C0-EF8F-A119-E78A68712A15}"
EndProject
Global
	GlobalSection(SolutionConfigurationPlatforms) = preSolution
		Debug|Any CPU = Debug|Any CPU
		Release|Any CPU = Release|Any CPU
	EndGlobalSection
	GlobalSection(ProjectConfigurationPlatforms) = postSolution
		{5D1BE3E9-42DB-7D64-B4CD-AC384DD92D57}.Debug|Any CPU.ActiveCfg = Debug|Any CPU
		{5D1BE3E9-42DB-7D64-B4CD-AC384DD92D57}.Debug|Any CPU.Build.0 = Debug|Any CPU
		{5D1BE3E9-42DB-7D64-B4CD-AC384DD92D57}.Release|Any CPU.ActiveCfg = Release|Any CPU
		{5D1BE3E9-42DB-7D64-B4CD-AC384DD92D57}.Release|Any CPU.Build.0 = Release|Any CPU
		{298EFC27-C15F-F252-3AC4-0FD9E11AC501}.Debug|Any CPU.ActiveCfg = Debug|Any CPU
		{298EFC27-C15F-F252-3AC4-0FD9E11AC501}.Debug|Any CPU.Build.0 = Debug|Any CPU
		{298EFC27-C15F-F252-3AC4-0FD9E11AC501}.Release|Any CPU.ActiveCfg = Release|Any CPU
		{298EFC27-C15F-F252-3AC4-0FD9E11AC501}.Release|Any CPU.Build.0 = Release|Any CPU
		{C7FC5CB0-6324-8CC4-6DA2-9E043E4F0FF0}.Debug|Any CPU.ActiveCfg = Debug|Any CPU
		{C7FC5CB0-6324-8CC4-6DA2-9E043E4F0FF0}.Debug|Any CPU.Build.0 = Debug|Any CPU
		{C7FC5CB0-6324-8CC4-6DA2-9E043E4F0FF0}.Release|Any CPU.ActiveCfg = Release|Any CPU
		{C7FC5CB0-6324-8CC4-6DA2-9E043E4F0FF0}.Release|Any CPU.Build.0 = Release|Any CPU
		{0BBF71ED-B9BB-68B4-48B2-5C60C2029454}.Debug|Any CPU.ActiveCfg = Debug|Any CPU
		{0BBF71ED-B9BB-68B4-48B2-5C60C2029454}.Debug|Any CPU.Build.0 = Debug|Any CPU
		{0BBF71ED-B9BB-68B4-48B2-5C60C2029454}.Release|Any CPU.ActiveCfg = Release|Any CPU
		{0BBF71ED-B9BB-68B4-48B2-5C60C2029454}.Release|Any CPU.Build.0 = Release|Any CPU
		{2641727E-361F-81DE-72A6-8791A7911755}.Debug|Any CPU.ActiveCfg = Debug|Any CPU
		{2641727E-361F-81DE-72A6-8791A7911755}.Debug|Any CPU.Build.0 = Debug|Any CPU
		{2641727E-361F-81DE-72A6-8791A7911755}.Release|Any CPU.ActiveCfg = Release|Any CPU
		{2641727E-361F-81DE-72A6-8791A7911755}.Release|Any CPU.Build.0 = Release|Any CPU
		{6428BF64-2A1D-C279-9FE5-FA380FB03237}.Debug|Any CPU.ActiveCfg = Debug|Any CPU
		{6428BF64-2A1D-C279-9FE5-FA380FB03237}.Debug|Any CPU.Build.0 = Debug|Any CPU
		{6428BF64-2A1D-C279-9FE5-FA380FB03237}.Release|Any CPU.ActiveCfg = Release|Any CPU
		{6428BF64-2A1D-C279-9FE5-FA380FB03237}.Release|Any CPU.Build.0 = Release|Any CPU
		{7472DAB2-5FB0-ED9F-D12B-C31ED14EF7CE}.Debug|Any CPU.ActiveCfg = Debug|Any CPU
		{7472DAB2-5FB0-ED9F-D12B-C31ED14EF7CE}.Debug|Any CPU.Build.0 = Debug|Any CPU
		{7472DAB2-5FB0-ED9F-D12B-C31ED14EF7CE}.Release|Any CPU.ActiveCfg = Release|Any CPU
		{7472DAB2-5FB0-ED9F-D12B-C31ED14EF7CE}.Release|Any CPU.Build.0 = Release|Any CPU
		{BBF9153A-BCAB-AFCE-7981-5797DDBF1BB3}.Debug|Any CPU.ActiveCfg = Debug|Any CPU
		{BBF9153A-BCAB-AFCE-7981-5797DDBF1BB3}.Debug|Any CPU.Build.0 = Debug|Any CPU
		{BBF9153A-BCAB-AFCE-7981-5797DDBF1BB3}.Release|Any CPU.ActiveCfg = Release|Any CPU
		{BBF9153A-BCAB-AFCE-7981-5797DDBF1BB3}.Release|Any CPU.Build.0 = Release|Any CPU
		{D06DCC36-43CA-787B-E080-C3013D0090A6}.Debug|Any CPU.ActiveCfg = Debug|Any CPU
		{D06DCC36-43CA-787B-E080-C3013D0090A6}.Debug|Any CPU.Build.0 = Debug|Any CPU
		{D06DCC36-43CA-787B-E080-C3013D0090A6}.Release|Any CPU.ActiveCfg = Release|Any CPU
		{D06DCC36-43CA-787B-E080-C3013D0090A6}.Release|Any CPU.Build.0 = Release|Any CPU
		{1F399B18-9636-9CD3-A881-64864F9388F5}.Debug|Any CPU.ActiveCfg = Debug|Any CPU
		{1F399B18-9636-9CD3-A881-64864F9388F5}.Debug|Any CPU.Build.0 = Debug|Any CPU
		{1F399B18-9636-9CD3-A881-64864F9388F5}.Release|Any CPU.ActiveCfg = Release|Any CPU
		{1F399B18-9636-9CD3-A881-64864F9388F5}.Release|Any CPU.Build.0 = Release|Any CPU
		{25C23E34-149C-A1EF-F955-A9D56A832184}.Debug|Any CPU.ActiveCfg = Debug|Any CPU
		{25C23E34-149C-A1EF-F955-A9D56A832184}.Debug|Any CPU.Build.0 = Debug|Any CPU
		{25C23E34-149C-A1EF-F955-A9D56A832184}.Release|Any CPU.ActiveCfg = Release|Any CPU
		{25C23E34-149C-A1EF-F955-A9D56A832184}.Release|Any CPU.Build.0 = Release|Any CPU
		{43C3178A-B011-CB33-8993-0091795E9A88}.Debug|Any CPU.ActiveCfg = Debug|Any CPU
		{43C3178A-B011-CB33-8993-0091795E9A88}.Debug|Any CPU.Build.0 = Debug|Any CPU
		{43C3178A-B011-CB33-8993-0091795E9A88}.Release|Any CPU.ActiveCfg = Release|Any CPU
		{43C3178A-B011-CB33-8993-0091795E9A88}.Release|Any CPU.Build.0 = Release|Any CPU
		{01620138-4542-39BC-61A5-1CD1FEEE7598}.Debug|Any CPU.ActiveCfg = Debug|Any CPU
		{01620138-4542-39BC-61A5-1CD1FEEE7598}.Debug|Any CPU.Build.0 = Debug|Any CPU
		{01620138-4542-39BC-61A5-1CD1FEEE7598}.Release|Any CPU.ActiveCfg = Release|Any CPU
		{01620138-4542-39BC-61A5-1CD1FEEE7598}.Release|Any CPU.Build.0 = Release|Any CPU
		{2B816656-CF7D-3B14-1E3D-DF59F1EA8796}.Debug|Any CPU.ActiveCfg = Debug|Any CPU
		{2B816656-CF7D-3B14-1E3D-DF59F1EA8796}.Debug|Any CPU.Build.0 = Debug|Any CPU
		{2B816656-CF7D-3B14-1E3D-DF59F1EA8796}.Release|Any CPU.ActiveCfg = Release|Any CPU
		{2B816656-CF7D-3B14-1E3D-DF59F1EA8796}.Release|Any CPU.Build.0 = Release|Any CPU
		{6FC66252-A1AA-B070-7B7C-BD9C0ACADFD6}.Debug|Any CPU.ActiveCfg = Debug|Any CPU
		{6FC66252-A1AA-B070-7B7C-BD9C0ACADFD6}.Debug|Any CPU.Build.0 = Debug|Any CPU
		{6FC66252-A1AA-B070-7B7C-BD9C0ACADFD6}.Release|Any CPU.ActiveCfg = Release|Any CPU
		{6FC66252-A1AA-B070-7B7C-BD9C0ACADFD6}.Release|Any CPU.Build.0 = Release|Any CPU
		{1A09BCA8-4D5C-4268-5C50-82E700E91337}.Debug|Any CPU.ActiveCfg = Debug|Any CPU
		{1A09BCA8-4D5C-4268-5C50-82E700E91337}.Debug|Any CPU.Build.0 = Debug|Any CPU
		{1A09BCA8-4D5C-4268-5C50-82E700E91337}.Release|Any CPU.ActiveCfg = Release|Any CPU
		{1A09BCA8-4D5C-4268-5C50-82E700E91337}.Release|Any CPU.Build.0 = Release|Any CPU
		{911EEC3D-90C0-EF8F-A119-E78A68712A15}.Debug|Any CPU.ActiveCfg = Debug|Any CPU
		{911EEC3D-90C0-EF8F-A119-E78A68712A15}.Debug|Any CPU.Build.0 = Debug|Any CPU
		{911EEC3D-90C0-EF8F-A119-E78A68712A15}.Release|Any CPU.ActiveCfg = Release|Any CPU
		{911EEC3D-90C0-EF8F-A119-E78A68712A15}.Release|Any CPU.Build.0 = Release|Any CPU
	EndGlobalSection
	GlobalSection(SolutionProperties) = preSolution
		HideSolutionNode = FALSE
	EndGlobalSection
EndGlobal
